github.com/pkg/errors v0.9.1 h1:FEBLx1zS214owpjy7qsBeixbURkuhQAwrK5UwLGTwt4=
github.com/pkg/errors v0.9.1/go.mod h1:bwawxfHBFNV+L2hUp1rHADufV3IMtnDRdf1r5NINEl0=
github.com/sethgrid/pester v1.1.0 h1:IyEAVvwSUPjs2ACFZkBe5N59BBUpSIkQ71Hr6cM5A+w=
github.com/sethgrid/pester v1.1.0/go.mod h1:Ad7IjTpvzZO8Fl0vh9AzQ+j/jYZfyp2diGwI8m5q+ns=
